// !$*UTF8*$!
{
	archiveVersion = 1;
	classes = {
	};
	objectVersion = 46;
	objects = {

/* Begin PBXBuildFile section */
		710619171BB51DD100E5F6B4 /* InAppSetting.m in Sources */ = {isa = PBXBuildFile; fileRef = 710619161BB51DD100E5F6B4 /* InAppSetting.m */; settings = {ASSET_TAGS = (); }; };
		7106191D1BB51EDA00E5F6B4 /* LoginViewController.m in Sources */ = {isa = PBXBuildFile; fileRef = 7106191B1BB51EDA00E5F6B4 /* LoginViewController.m */; settings = {ASSET_TAGS = (); }; };
		7106191E1BB51EDA00E5F6B4 /* LoginViewController.xib in Resources */ = {isa = PBXBuildFile; fileRef = 7106191C1BB51EDA00E5F6B4 /* LoginViewController.xib */; settings = {ASSET_TAGS = (); }; };
		710619221BB51EED00E5F6B4 /* MainViewController.m in Sources */ = {isa = PBXBuildFile; fileRef = 710619201BB51EED00E5F6B4 /* MainViewController.m */; settings = {ASSET_TAGS = (); }; };
		710619231BB51EED00E5F6B4 /* MainViewController.xib in Resources */ = {isa = PBXBuildFile; fileRef = 710619211BB51EED00E5F6B4 /* MainViewController.xib */; settings = {ASSET_TAGS = (); }; };
		710619251BB5206700E5F6B4 /* text.xib in Resources */ = {isa = PBXBuildFile; fileRef = 710619241BB5206700E5F6B4 /* text.xib */; settings = {ASSET_TAGS = (); }; };
		7167BA841BB7D847006CD54E /* text.xib in Resources */ = {isa = PBXBuildFile; fileRef = 7167BA831BB7D847006CD54E /* text.xib */; settings = {ASSET_TAGS = (); }; };
		71C42C031BB38E95009F7CA9 /* main.m in Sources */ = {isa = PBXBuildFile; fileRef = 71C42C021BB38E95009F7CA9 /* main.m */; };
		71C42C061BB38E95009F7CA9 /* AppDelegate.m in Sources */ = {isa = PBXBuildFile; fileRef = 71C42C051BB38E95009F7CA9 /* AppDelegate.m */; };
		71C42C091BB38E95009F7CA9 /* ViewController.m in Sources */ = {isa = PBXBuildFile; fileRef = 71C42C081BB38E95009F7CA9 /* ViewController.m */; };
		71C42C0C1BB38E95009F7CA9 /* Main.storyboard in Resources */ = {isa = PBXBuildFile; fileRef = 71C42C0A1BB38E95009F7CA9 /* Main.storyboard */; };
		71C42C0E1BB38E95009F7CA9 /* Assets.xcassets in Resources */ = {isa = PBXBuildFile; fileRef = 71C42C0D1BB38E95009F7CA9 /* Assets.xcassets */; };
		71C42C111BB38E95009F7CA9 /* LaunchScreen.storyboard in Resources */ = {isa = PBXBuildFile; fileRef = 71C42C0F1BB38E95009F7CA9 /* LaunchScreen.storyboard */; };
		71C42C1C1BB38E96009F7CA9 /* HobbyFriendsTests.m in Sources */ = {isa = PBXBuildFile; fileRef = 71C42C1B1BB38E96009F7CA9 /* HobbyFriendsTests.m */; };
		71C42C271BB38E96009F7CA9 /* HobbyFriendsUITests.m in Sources */ = {isa = PBXBuildFile; fileRef = 71C42C261BB38E96009F7CA9 /* HobbyFriendsUITests.m */; };
/* End PBXBuildFile section */

/* Begin PBXContainerItemProxy section */
		71C42C181BB38E96009F7CA9 /* PBXContainerItemProxy */ = {
			isa = PBXContainerItemProxy;
			containerPortal = 71C42BF61BB38E95009F7CA9 /* Project object */;
			proxyType = 1;
			remoteGlobalIDString = 71C42BFD1BB38E95009F7CA9;
			remoteInfo = HobbyFriends;
		};
		71C42C231BB38E96009F7CA9 /* PBXContainerItemProxy */ = {
			isa = PBXContainerItemProxy;
			containerPortal = 71C42BF61BB38E95009F7CA9 /* Project object */;
			proxyType = 1;
			remoteGlobalIDString = 71C42BFD1BB38E95009F7CA9;
			remoteInfo = HobbyFriends;
		};
/* End PBXContainerItemProxy section */

/* Begin PBXFileReference section */
		710619151BB51DD100E5F6B4 /* InAppSetting.h */ = {isa = PBXFileReference; fileEncoding = 4; lastKnownFileType = sourcecode.c.h; path = InAppSetting.h; sourceTree = "<group>"; };
		710619161BB51DD100E5F6B4 /* InAppSetting.m */ = {isa = PBXFileReference; fileEncoding = 4; lastKnownFileType = sourcecode.c.objc; path = InAppSetting.m; sourceTree = "<group>"; };
		7106191A1BB51EDA00E5F6B4 /* LoginViewController.h */ = {isa = PBXFileReference; fileEncoding = 4; lastKnownFileType = sourcecode.c.h; path = LoginViewController.h; sourceTree = "<group>"; };
		7106191B1BB51EDA00E5F6B4 /* LoginViewController.m */ = {isa = PBXFileReference; fileEncoding = 4; lastKnownFileType = sourcecode.c.objc; path = LoginViewController.m; sourceTree = "<group>"; };
		7106191C1BB51EDA00E5F6B4 /* LoginViewController.xib */ = {isa = PBXFileReference; fileEncoding = 4; lastKnownFileType = file.xib; path = LoginViewController.xib; sourceTree = "<group>"; };
		7106191F1BB51EED00E5F6B4 /* MainViewController.h */ = {isa = PBXFileReference; fileEncoding = 4; lastKnownFileType = sourcecode.c.h; path = MainViewController.h; sourceTree = "<group>"; };
		710619201BB51EED00E5F6B4 /* MainViewController.m */ = {isa = PBXFileReference; fileEncoding = 4; lastKnownFileType = sourcecode.c.objc; path = MainViewController.m; sourceTree = "<group>"; };
		710619211BB51EED00E5F6B4 /* MainViewController.xib */ = {isa = PBXFileReference; fileEncoding = 4; lastKnownFileType = file.xib; path = MainViewController.xib; sourceTree = "<group>"; };
		710619241BB5206700E5F6B4 /* text.xib */ = {isa = PBXFileReference; fileEncoding = 4; lastKnownFileType = file.xib; path = text.xib; sourceTree = "<group>"; };
		7167BA831BB7D847006CD54E /* text.xib */ = {isa = PBXFileReference; fileEncoding = 4; lastKnownFileType = file.xib; path = text.xib; sourceTree = "<group>"; };
		71C42BFE1BB38E95009F7CA9 /* HobbyFriends.app */ = {isa = PBXFileReference; explicitFileType = wrapper.application; includeInIndex = 0; path = HobbyFriends.app; sourceTree = BUILT_PRODUCTS_DIR; };
		71C42C021BB38E95009F7CA9 /* main.m */ = {isa = PBXFileReference; lastKnownFileType = sourcecode.c.objc; path = main.m; sourceTree = "<group>"; };
		71C42C041BB38E95009F7CA9 /* AppDelegate.h */ = {isa = PBXFileReference; lastKnownFileType = sourcecode.c.h; path = AppDelegate.h; sourceTree = "<group>"; };
		71C42C051BB38E95009F7CA9 /* AppDelegate.m */ = {isa = PBXFileReference; lastKnownFileType = sourcecode.c.objc; path = AppDelegate.m; sourceTree = "<group>"; };
		71C42C071BB38E95009F7CA9 /* ViewController.h */ = {isa = PBXFileReference; lastKnownFileType = sourcecode.c.h; path = ViewController.h; sourceTree = "<group>"; };
		71C42C081BB38E95009F7CA9 /* ViewController.m */ = {isa = PBXFileReference; lastKnownFileType = sourcecode.c.objc; path = ViewController.m; sourceTree = "<group>"; };
		71C42C0B1BB38E95009F7CA9 /* Base */ = {isa = PBXFileReference; lastKnownFileType = file.storyboard; name = Base; path = Base.lproj/Main.storyboard; sourceTree = "<group>"; };
		71C42C0D1BB38E95009F7CA9 /* Assets.xcassets */ = {isa = PBXFileReference; lastKnownFileType = folder.assetcatalog; path = Assets.xcassets; sourceTree = "<group>"; };
		71C42C101BB38E95009F7CA9 /* Base */ = {isa = PBXFileReference; lastKnownFileType = file.storyboard; name = Base; path = Base.lproj/LaunchScreen.storyboard; sourceTree = "<group>"; };
		71C42C121BB38E95009F7CA9 /* Info.plist */ = {isa = PBXFileReference; lastKnownFileType = text.plist.xml; path = Info.plist; sourceTree = "<group>"; };
		71C42C171BB38E96009F7CA9 /* HobbyFriendsTests.xctest */ = {isa = PBXFileReference; explicitFileType = wrapper.cfbundle; includeInIndex = 0; path = HobbyFriendsTests.xctest; sourceTree = BUILT_PRODUCTS_DIR; };
		71C42C1B1BB38E96009F7CA9 /* HobbyFriendsTests.m */ = {isa = PBXFileReference; lastKnownFileType = sourcecode.c.objc; path = HobbyFriendsTests.m; sourceTree = "<group>"; };
		71C42C1D1BB38E96009F7CA9 /* Info.plist */ = {isa = PBXFileReference; lastKnownFileType = text.plist.xml; path = Info.plist; sourceTree = "<group>"; };
		71C42C221BB38E96009F7CA9 /* HobbyFriendsUITests.xctest */ = {isa = PBXFileReference; explicitFileType = wrapper.cfbundle; includeInIndex = 0; path = HobbyFriendsUITests.xctest; sourceTree = BUILT_PRODUCTS_DIR; };
		71C42C261BB38E96009F7CA9 /* HobbyFriendsUITests.m */ = {isa = PBXFileReference; lastKnownFileType = sourcecode.c.objc; path = HobbyFriendsUITests.m; sourceTree = "<group>"; };
		71C42C281BB38E96009F7CA9 /* Info.plist */ = {isa = PBXFileReference; lastKnownFileType = text.plist.xml; path = Info.plist; sourceTree = "<group>"; };
/* End PBXFileReference section */

/* Begin PBXFrameworksBuildPhase section */
		71C42BFB1BB38E95009F7CA9 /* Frameworks */ = {
			isa = PBXFrameworksBuildPhase;
			buildActionMask = 2147483647;
			files = (
			);
			runOnlyForDeploymentPostprocessing = 0;
		};
		71C42C141BB38E96009F7CA9 /* Frameworks */ = {
			isa = PBXFrameworksBuildPhase;
			buildActionMask = 2147483647;
			files = (
			);
			runOnlyForDeploymentPostprocessing = 0;
		};
		71C42C1F1BB38E96009F7CA9 /* Frameworks */ = {
			isa = PBXFrameworksBuildPhase;
			buildActionMask = 2147483647;
			files = (
			);
			runOnlyForDeploymentPostprocessing = 0;
		};
/* End PBXFrameworksBuildPhase section */

/* Begin PBXGroup section */
		710619101BB5136500E5F6B4 /* ViewControllers */ = {
			isa = PBXGroup;
			children = (
				710619191BB51E8B00E5F6B4 /* LoginViewController */,
				710619181BB51E6700E5F6B4 /* MainViewController */,
			);
			path = ViewControllers;
			sourceTree = "<group>";
		};
		710619111BB5139800E5F6B4 /* Model */ = {
			isa = PBXGroup;
			children = (
				710619141BB51D4F00E5F6B4 /* inAppSetting */,
			);
			path = Model;
			sourceTree = "<group>";
		};
		710619121BB513C000E5F6B4 /* Category */ = {
			isa = PBXGroup;
			children = (
				7167BA831BB7D847006CD54E /* text.xib */,
			);
			path = Category;
			sourceTree = "<group>";
		};
		710619131BB5141700E5F6B4 /* Views */ = {
			isa = PBXGroup;
			children = (
				710619241BB5206700E5F6B4 /* text.xib */,
			);
			path = Views;
			sourceTree = "<group>";
		};
		710619141BB51D4F00E5F6B4 /* inAppSetting */ = {
			isa = PBXGroup;
			children = (
				710619151BB51DD100E5F6B4 /* InAppSetting.h */,
				710619161BB51DD100E5F6B4 /* InAppSetting.m */,
			);
			path = inAppSetting;
			sourceTree = "<group>";
		};
		710619181BB51E6700E5F6B4 /* MainViewController */ = {
			isa = PBXGroup;
			children = (
				7106191F1BB51EED00E5F6B4 /* MainViewController.h */,
				710619201BB51EED00E5F6B4 /* MainViewController.m */,
				710619211BB51EED00E5F6B4 /* MainViewController.xib */,
			);
			path = MainViewController;
			sourceTree = "<group>";
		};
		710619191BB51E8B00E5F6B4 /* LoginViewController */ = {
			isa = PBXGroup;
			children = (
				7106191A1BB51EDA00E5F6B4 /* LoginViewController.h */,
				7106191B1BB51EDA00E5F6B4 /* LoginViewController.m */,
				7106191C1BB51EDA00E5F6B4 /* LoginViewController.xib */,
			);
			path = LoginViewController;
			sourceTree = "<group>";
		};
		71C42BF51BB38E95009F7CA9 = {
			isa = PBXGroup;
			children = (
				71C42C001BB38E95009F7CA9 /* HobbyFriends */,
				71C42C1A1BB38E96009F7CA9 /* HobbyFriendsTests */,
				71C42C251BB38E96009F7CA9 /* HobbyFriendsUITests */,
				71C42BFF1BB38E95009F7CA9 /* Products */,
			);
			sourceTree = "<group>";
		};
		71C42BFF1BB38E95009F7CA9 /* Products */ = {
			isa = PBXGroup;
			children = (
				71C42BFE1BB38E95009F7CA9 /* HobbyFriends.app */,
				71C42C171BB38E96009F7CA9 /* HobbyFriendsTests.xctest */,
				71C42C221BB38E96009F7CA9 /* HobbyFriendsUITests.xctest */,
			);
			name = Products;
			sourceTree = "<group>";
		};
		71C42C001BB38E95009F7CA9 /* HobbyFriends */ = {
			isa = PBXGroup;
			children = (
				710619131BB5141700E5F6B4 /* Views */,
				710619121BB513C000E5F6B4 /* Category */,
				710619111BB5139800E5F6B4 /* Model */,
				710619101BB5136500E5F6B4 /* ViewControllers */,
				71C42C041BB38E95009F7CA9 /* AppDelegate.h */,
				71C42C051BB38E95009F7CA9 /* AppDelegate.m */,
				71C42C071BB38E95009F7CA9 /* ViewController.h */,
				71C42C081BB38E95009F7CA9 /* ViewController.m */,
				71C42C0A1BB38E95009F7CA9 /* Main.storyboard */,
				71C42C0D1BB38E95009F7CA9 /* Assets.xcassets */,
				71C42C0F1BB38E95009F7CA9 /* LaunchScreen.storyboard */,
				71C42C121BB38E95009F7CA9 /* Info.plist */,
				71C42C011BB38E95009F7CA9 /* Supporting Files */,
			);
			path = HobbyFriends;
			sourceTree = "<group>";
		};
		71C42C011BB38E95009F7CA9 /* Supporting Files */ = {
			isa = PBXGroup;
			children = (
				71C42C021BB38E95009F7CA9 /* main.m */,
			);
			name = "Supporting Files";
			sourceTree = "<group>";
		};
		71C42C1A1BB38E96009F7CA9 /* HobbyFriendsTests */ = {
			isa = PBXGroup;
			children = (
				71C42C1B1BB38E96009F7CA9 /* HobbyFriendsTests.m */,
				71C42C1D1BB38E96009F7CA9 /* Info.plist */,
			);
			path = HobbyFriendsTests;
			sourceTree = "<group>";
		};
		71C42C251BB38E96009F7CA9 /* HobbyFriendsUITests */ = {
			isa = PBXGroup;
			children = (
				71C42C261BB38E96009F7CA9 /* HobbyFriendsUITests.m */,
				71C42C281BB38E96009F7CA9 /* Info.plist */,
			);
			path = HobbyFriendsUITests;
			sourceTree = "<group>";
		};
/* End PBXGroup section */

/* Begin PBXNativeTarget section */
		71C42BFD1BB38E95009F7CA9 /* HobbyFriends */ = {
			isa = PBXNativeTarget;
			buildConfigurationList = 71C42C2B1BB38E96009F7CA9 /* Build configuration list for PBXNativeTarget "HobbyFriends" */;
			buildPhases = (
				71C42BFA1BB38E95009F7CA9 /* Sources */,
				71C42BFB1BB38E95009F7CA9 /* Frameworks */,
				71C42BFC1BB38E95009F7CA9 /* Resources */,
			);
			buildRules = (
			);
			dependencies = (
			);
			name = HobbyFriends;
			productName = HobbyFriends;
			productReference = 71C42BFE1BB38E95009F7CA9 /* HobbyFriends.app */;
			productType = "com.apple.product-type.application";
		};
		71C42C161BB38E96009F7CA9 /* HobbyFriendsTests */ = {
			isa = PBXNativeTarget;
			buildConfigurationList = 71C42C2E1BB38E96009F7CA9 /* Build configuration list for PBXNativeTarget "HobbyFriendsTests" */;
			buildPhases = (
				71C42C131BB38E96009F7CA9 /* Sources */,
				71C42C141BB38E96009F7CA9 /* Frameworks */,
				71C42C151BB38E96009F7CA9 /* Resources */,
			);
			buildRules = (
			);
			dependencies = (
				71C42C191BB38E96009F7CA9 /* PBXTargetDependency */,
			);
			name = HobbyFriendsTests;
			productName = HobbyFriendsTests;
			productReference = 71C42C171BB38E96009F7CA9 /* HobbyFriendsTests.xctest */;
			productType = "com.apple.product-type.bundle.unit-test";
		};
		71C42C211BB38E96009F7CA9 /* HobbyFriendsUITests */ = {
			isa = PBXNativeTarget;
			buildConfigurationList = 71C42C311BB38E96009F7CA9 /* Build configuration list for PBXNativeTarget "HobbyFriendsUITests" */;
			buildPhases = (
				71C42C1E1BB38E96009F7CA9 /* Sources */,
				71C42C1F1BB38E96009F7CA9 /* Frameworks */,
				71C42C201BB38E96009F7CA9 /* Resources */,
			);
			buildRules = (
			);
			dependencies = (
				71C42C241BB38E96009F7CA9 /* PBXTargetDependency */,
			);
			name = HobbyFriendsUITests;
			productName = HobbyFriendsUITests;
			productReference = 71C42C221BB38E96009F7CA9 /* HobbyFriendsUITests.xctest */;
			productType = "com.apple.product-type.bundle.ui-testing";
		};
/* End PBXNativeTarget section */

/* Begin PBXProject section */
		71C42BF61BB38E95009F7CA9 /* Project object */ = {
			isa = PBXProject;
			attributes = {
				LastUpgradeCheck = 0700;
				ORGANIZATIONNAME = Caesar;
				TargetAttributes = {
					71C42BFD1BB38E95009F7CA9 = {
						CreatedOnToolsVersion = 7.0;
					};
					71C42C161BB38E96009F7CA9 = {
						CreatedOnToolsVersion = 7.0;
						TestTargetID = 71C42BFD1BB38E95009F7CA9;
					};
					71C42C211BB38E96009F7CA9 = {
						CreatedOnToolsVersion = 7.0;
						TestTargetID = 71C42BFD1BB38E95009F7CA9;
					};
				};
			};
			buildConfigurationList = 71C42BF91BB38E95009F7CA9 /* Build configuration list for PBXProject "HobbyFriends" */;
			compatibilityVersion = "Xcode 3.2";
			developmentRegion = English;
			hasScannedForEncodings = 0;
			knownRegions = (
				en,
				Base,
			);
			mainGroup = 71C42BF51BB38E95009F7CA9;
			productRefGroup = 71C42BFF1BB38E95009F7CA9 /* Products */;
			projectDirPath = "";
			projectRoot = "";
			targets = (
				71C42BFD1BB38E95009F7CA9 /* HobbyFriends */,
				71C42C161BB38E96009F7CA9 /* HobbyFriendsTests */,
				71C42C211BB38E96009F7CA9 /* HobbyFriendsUITests */,
			);
		};
/* End PBXProject section */

/* Begin PBXResourcesBuildPhase section */
		71C42BFC1BB38E95009F7CA9 /* Resources */ = {
			isa = PBXResourcesBuildPhase;
			buildActionMask = 2147483647;
			files = (
				7167BA841BB7D847006CD54E /* text.xib in Resources */,
				710619251BB5206700E5F6B4 /* text.xib in Resources */,
				7106191E1BB51EDA00E5F6B4 /* LoginViewController.xib in Resources */,
				71C42C111BB38E95009F7CA9 /* LaunchScreen.storyboard in Resources */,
				710619231BB51EED00E5F6B4 /* MainViewController.xib in Resources */,
				71C42C0E1BB38E95009F7CA9 /* Assets.xcassets in Resources */,
				71C42C0C1BB38E95009F7CA9 /* Main.storyboard in Resources */,
			);
			runOnlyForDeploymentPostprocessing = 0;
		};
		71C42C151BB38E96009F7CA9 /* Resources */ = {
			isa = PBXResourcesBuildPhase;
			buildActionMask = 2147483647;
			files = (
			);
			runOnlyForDeploymentPostprocessing = 0;
		};
		71C42C201BB38E96009F7CA9 /* Resources */ = {
			isa = PBXResourcesBuildPhase;
			buildActionMask = 2147483647;
			files = (
			);
			runOnlyForDeploymentPostprocessing = 0;
		};
/* End PBXResourcesBuildPhase section */

/* Begin PBXSourcesBuildPhase section */
		71C42BFA1BB38E95009F7CA9 /* Sources */ = {
			isa = PBXSourcesBuildPhase;
			buildActionMask = 2147483647;
			files = (
				71C42C091BB38E95009F7CA9 /* ViewController.m in Sources */,
				710619221BB51EED00E5F6B4 /* MainViewController.m in Sources */,
				71C42C061BB38E95009F7CA9 /* AppDelegate.m in Sources */,
				71C42C031BB38E95009F7CA9 /* main.m in Sources */,
				710619171BB51DD100E5F6B4 /* InAppSetting.m in Sources */,
				7106191D1BB51EDA00E5F6B4 /* LoginViewController.m in Sources */,
			);
			runOnlyForDeploymentPostprocessing = 0;
		};
		71C42C131BB38E96009F7CA9 /* Sources */ = {
			isa = PBXSourcesBuildPhase;
			buildActionMask = 2147483647;
			files = (
				71C42C1C1BB38E96009F7CA9 /* HobbyFriendsTests.m in Sources */,
			);
			runOnlyForDeploymentPostprocessing = 0;
		};
		71C42C1E1BB38E96009F7CA9 /* Sources */ = {
			isa = PBXSourcesBuildPhase;
			buildActionMask = 2147483647;
			files = (
				71C42C271BB38E96009F7CA9 /* HobbyFriendsUITests.m in Sources */,
			);
			runOnlyForDeploymentPostprocessing = 0;
		};
/* End PBXSourcesBuildPhase section */

/* Begin PBXTargetDependency section */
		71C42C191BB38E96009F7CA9 /* PBXTargetDependency */ = {
			isa = PBXTargetDependency;
			target = 71C42BFD1BB38E95009F7CA9 /* HobbyFriends */;
			targetProxy = 71C42C181BB38E96009F7CA9 /* PBXContainerItemProxy */;
		};
		71C42C241BB38E96009F7CA9 /* PBXTargetDependency */ = {
			isa = PBXTargetDependency;
			target = 71C42BFD1BB38E95009F7CA9 /* HobbyFriends */;
			targetProxy = 71C42C231BB38E96009F7CA9 /* PBXContainerItemProxy */;
		};
/* End PBXTargetDependency section */

/* Begin PBXVariantGroup section */
		71C42C0A1BB38E95009F7CA9 /* Main.storyboard */ = {
			isa = PBXVariantGroup;
			children = (
				71C42C0B1BB38E95009F7CA9 /* Base */,
			);
			name = Main.storyboard;
			sourceTree = "<group>";
		};
		71C42C0F1BB38E95009F7CA9 /* LaunchScreen.storyboard */ = {
			isa = PBXVariantGroup;
			children = (
				71C42C101BB38E95009F7CA9 /* Base */,
			);
			name = LaunchScreen.storyboard;
			sourceTree = "<group>";
		};
/* End PBXVariantGroup section */

/* Begin XCBuildConfiguration section */
		71C42C291BB38E96009F7CA9 /* Debug */ = {
			isa = XCBuildConfiguration;
			buildSettings = {
				ALWAYS_SEARCH_USER_PATHS = NO;
				CLANG_CXX_LANGUAGE_STANDARD = "gnu++0x";
				CLANG_CXX_LIBRARY = "libc++";
				CLANG_ENABLE_MODULES = YES;
				CLANG_ENABLE_OBJC_ARC = YES;
				CLANG_WARN_BOOL_CONVERSION = YES;
				CLANG_WARN_CONSTANT_CONVERSION = YES;
				CLANG_WARN_DIRECT_OBJC_ISA_USAGE = YES_ERROR;
				CLANG_WARN_EMPTY_BODY = YES;
				CLANG_WARN_ENUM_CONVERSION = YES;
				CLANG_WARN_INT_CONVERSION = YES;
				CLANG_WARN_OBJC_ROOT_CLASS = YES_ERROR;
				CLANG_WARN_UNREACHABLE_CODE = YES;
				CLANG_WARN__DUPLICATE_METHOD_MATCH = YES;
				"CODE_SIGN_IDENTITY[sdk=iphoneos*]" = "iPhone Developer";
				COPY_PHASE_STRIP = NO;
				DEBUG_INFORMATION_FORMAT = dwarf;
				ENABLE_STRICT_OBJC_MSGSEND = YES;
				ENABLE_TESTABILITY = YES;
				GCC_C_LANGUAGE_STANDARD = gnu99;
				GCC_DYNAMIC_NO_PIC = NO;
				GCC_NO_COMMON_BLOCKS = YES;
				GCC_OPTIMIZATION_LEVEL = 0;
				GCC_PREPROCESSOR_DEFINITIONS = (
					"DEBUG=1",
					"$(inherited)",
				);
				GCC_WARN_64_TO_32_BIT_CONVERSION = YES;
				GCC_WARN_ABOUT_RETURN_TYPE = YES_ERROR;
				GCC_WARN_UNDECLARED_SELECTOR = YES;
				GCC_WARN_UNINITIALIZED_AUTOS = YES_AGGRESSIVE;
				GCC_WARN_UNUSED_FUNCTION = YES;
				GCC_WARN_UNUSED_VARIABLE = YES;
				IPHONEOS_DEPLOYMENT_TARGET = 9.0;
				MTL_ENABLE_DEBUG_INFO = YES;
				ONLY_ACTIVE_ARCH = YES;
				SDKROOT = iphoneos;
			};
			name = Debug;
		};
		71C42C2A1BB38E96009F7CA9 /* Release */ = {
			isa = XCBuildConfiguration;
			buildSettings = {
				ALWAYS_SEARCH_USER_PATHS = NO;
				CLANG_CXX_LANGUAGE_STANDARD = "gnu++0x";
				CLANG_CXX_LIBRARY = "libc++";
				CLANG_ENABLE_MODULES = YES;
				CLANG_ENABLE_OBJC_ARC = YES;
				CLANG_WARN_BOOL_CONVERSION = YES;
				CLANG_WARN_CONSTANT_CONVERSION = YES;
				CLANG_WARN_DIRECT_OBJC_ISA_USAGE = YES_ERROR;
				CLANG_WARN_EMPTY_BODY = YES;
				CLANG_WARN_ENUM_CONVERSION = YES;
				CLANG_WARN_INT_CONVERSION = YES;
				CLANG_WARN_OBJC_ROOT_CLASS = YES_ERROR;
				CLANG_WARN_UNREACHABLE_CODE = YES;
				CLANG_WARN__DUPLICATE_METHOD_MATCH = YES;
				"CODE_SIGN_IDENTITY[sdk=iphoneos*]" = "iPhone Developer";
				COPY_PHASE_STRIP = NO;
				DEBUG_INFORMATION_FORMAT = "dwarf-with-dsym";
				ENABLE_NS_ASSERTIONS = NO;
				ENABLE_STRICT_OBJC_MSGSEND = YES;
				GCC_C_LANGUAGE_STANDARD = gnu99;
				GCC_NO_COMMON_BLOCKS = YES;
				GCC_WARN_64_TO_32_BIT_CONVERSION = YES;
				GCC_WARN_ABOUT_RETURN_TYPE = YES_ERROR;
				GCC_WARN_UNDECLARED_SELECTOR = YES;
				GCC_WARN_UNINITIALIZED_AUTOS = YES_AGGRESSIVE;
				GCC_WARN_UNUSED_FUNCTION = YES;
				GCC_WARN_UNUSED_VARIABLE = YES;
				IPHONEOS_DEPLOYMENT_TARGET = 9.0;
				MTL_ENABLE_DEBUG_INFO = NO;
				SDKROOT = iphoneos;
				VALIDATE_PRODUCT = YES;
			};
			name = Release;
		};
		71C42C2C1BB38E96009F7CA9 /* Debug */ = {
			isa = XCBuildConfiguration;
			buildSettings = {
				ASSETCATALOG_COMPILER_APPICON_NAME = AppIcon;
				INFOPLIST_FILE = HobbyFriends/Info.plist;
				LD_RUNPATH_SEARCH_PATHS = "$(inherited) @executable_path/Frameworks";
				PRODUCT_BUNDLE_IDENTIFIER = gdut.HobbyFriends;
				PRODUCT_NAME = "$(TARGET_NAME)";
			};
			name = Debug;
		};
		71C42C2D1BB38E96009F7CA9 /* Release */ = {
			isa = XCBuildConfiguration;
			buildSettings = {
				ASSETCATALOG_COMPILER_APPICON_NAME = AppIcon;
				INFOPLIST_FILE = HobbyFriends/Info.plist;
				LD_RUNPATH_SEARCH_PATHS = "$(inherited) @executable_path/Frameworks";
				PRODUCT_BUNDLE_IDENTIFIER = gdut.HobbyFriends;
				PRODUCT_NAME = "$(TARGET_NAME)";
			};
			name = Release;
		};
		71C42C2F1BB38E96009F7CA9 /* Debug */ = {
			isa = XCBuildConfiguration;
			buildSettings = {
				BUNDLE_LOADER = "$(TEST_HOST)";
				INFOPLIST_FILE = HobbyFriendsTests/Info.plist;
				LD_RUNPATH_SEARCH_PATHS = "$(inherited) @executable_path/Frameworks @loader_path/Frameworks";
				PRODUCT_BUNDLE_IDENTIFIER = gdut.HobbyFriendsTests;
				PRODUCT_NAME = "$(TARGET_NAME)";
				TEST_HOST = "$(BUILT_PRODUCTS_DIR)/HobbyFriends.app/HobbyFriends";
			};
			name = Debug;
		};
		71C42C301BB38E96009F7CA9 /* Release */ = {
			isa = XCBuildConfiguration;
			buildSettings = {
				BUNDLE_LOADER = "$(TEST_HOST)";
				INFOPLIST_FILE = HobbyFriendsTests/Info.plist;
				LD_RUNPATH_SEARCH_PATHS = "$(inherited) @executable_path/Frameworks @loader_path/Frameworks";
				PRODUCT_BUNDLE_IDENTIFIER = gdut.HobbyFriendsTests;
				PRODUCT_NAME = "$(TARGET_NAME)";
				TEST_HOST = "$(BUILT_PRODUCTS_DIR)/HobbyFriends.app/HobbyFriends";
			};
			name = Release;
		};
		71C42C321BB38E96009F7CA9 /* Debug */ = {
			isa = XCBuildConfiguration;
			buildSettings = {
				INFOPLIST_FILE = HobbyFriendsUITests/Info.plist;
				LD_RUNPATH_SEARCH_PATHS = "$(inherited) @executable_path/Frameworks @loader_path/Frameworks";
				PRODUCT_BUNDLE_IDENTIFIER = gdut.HobbyFriendsUITests;
				PRODUCT_NAME = "$(TARGET_NAME)";
				TEST_TARGET_NAME = HobbyFriends;
				USES_XCTRUNNER = YES;
			};
			name = Debug;
		};
		71C42C331BB38E96009F7CA9 /* Release */ = {
			isa = XCBuildConfiguration;
			buildSettings = {
				INFOPLIST_FILE = HobbyFriendsUITests/Info.plist;
				LD_RUNPATH_SEARCH_PATHS = "$(inherited) @executable_path/Frameworks @loader_path/Frameworks";
				PRODUCT_BUNDLE_IDENTIFIER = gdut.HobbyFriendsUITests;
				PRODUCT_NAME = "$(TARGET_NAME)";
				TEST_TARGET_NAME = HobbyFriends;
				USES_XCTRUNNER = YES;
			};
			name = Release;
		};
/* End XCBuildConfiguration section */

/* Begin XCConfigurationList section */
		71C42BF91BB38E95009F7CA9 /* Build configuration list for PBXProject "HobbyFriends" */ = {
			isa = XCConfigurationList;
			buildConfigurations = (
				71C42C291BB38E96009F7CA9 /* Debug */,
				71C42C2A1BB38E96009F7CA9 /* Release */,
			);
			defaultConfigurationIsVisible = 0;
			defaultConfigurationName = Release;
		};
		71C42C2B1BB38E96009F7CA9 /* Build configuration list for PBXNativeTarget "HobbyFriends" */ = {
			isa = XCConfigurationList;
			buildConfigurations = (
				71C42C2C1BB38E96009F7CA9 /* Debug */,
				71C42C2D1BB38E96009F7CA9 /* Release */,
			);
			defaultConfigurationIsVisible = 0;
			defaultConfigurationName = Release;
		};
		71C42C2E1BB38E96009F7CA9 /* Build configuration list for PBXNativeTarget "HobbyFriendsTests" */ = {
			isa = XCConfigurationList;
			buildConfigurations = (
				71C42C2F1BB38E96009F7CA9 /* Debug */,
				71C42C301BB38E96009F7CA9 /* Release */,
			);
			defaultConfigurationIsVisible = 0;
			defaultConfigurationName = Release;
		};
		71C42C311BB38E96009F7CA9 /* Build configuration list for PBXNativeTarget "HobbyFriendsUITests" */ = {
			isa = XCConfigurationList;
			buildConfigurations = (
				71C42C321BB38E96009F7CA9 /* Debug */,
				71C42C331BB38E96009F7CA9 /* Release */,
			);
			defaultConfigurationIsVisible = 0;
			defaultConfigurationName = Release;
		};
/* End XCConfigurationList section */
	};
	rootObject = 71C42BF61BB38E95009F7CA9 /* Project object */;
}
